
Microsoft Visual Studio Solution File, Format Version 12.00
# Visual Studio Version 17
VisualStudioVersion = 17.6.33712.159
MinimumVisualStudioVersion = 10.0.40219.1
Project("{9A19103F-16F7-4668-BE54-9A1E7A4F7556}") = "TaskAutomation", "TaskAutomation\TaskAutomation.csproj", "{5F3D2EDD-B3A0-4556-8B3D-D564524159DF}"
EndProject
Project("{9A19103F-16F7-4668-BE54-9A1E7A4F7556}") = "ExcelLib", "ExcelLib\ExcelLib.csproj", "{0727515E-624C-4E80-8D06-028CA3B67C3B}"
EndProject
Project("{FAE04EC0-301F-11D3-BF4B-00C04F79EFBC}") = "TaskAutomationDB", "TaskAutomationDB\TaskAutomationDB.csproj", "{DB87614D-A280-4D37-95B0-4747AED190A1}"
EndProject
Global
	GlobalSection(SolutionConfigurationPlatforms) = preSolution
		Debug|Any CPU = Debug|Any CPU
		Proj|Any CPU = Proj|Any CPU
		Release|Any CPU = Release|Any CPU
	EndGlobalSection
	GlobalSection(ProjectConfigurationPlatforms) = postSolution
		{5F3D2EDD-B3A0-4556-8B3D-D564524159DF}.Debug|Any CPU.ActiveCfg = Debug|Any CPU
		{5F3D2EDD-B3A0-4556-8B3D-D564524159DF}.Debug|Any CPU.Build.0 = Debug|Any CPU
		{5F3D2EDD-B3A0-4556-8B3D-D564524159DF}.Proj|Any CPU.ActiveCfg = Proj|Any CPU
		{5F3D2EDD-B3A0-4556-8B3D-D564524159DF}.Proj|Any CPU.Build.0 = Proj|Any CPU
		{5F3D2EDD-B3A0-4556-8B3D-D564524159DF}.Release|Any CPU.ActiveCfg = Release|Any CPU
		{5F3D2EDD-B3A0-4556-8B3D-D564524159DF}.Release|Any CPU.Build.0 = Release|Any CPU
		{0727515E-624C-4E80-8D06-028CA3B67C3B}.Debug|Any CPU.ActiveCfg = Debug|Any CPU
		{0727515E-624C-4E80-8D06-028CA3B67C3B}.Debug|Any CPU.Build.0 = Debug|Any CPU
		{0727515E-624C-4E80-8D06-028CA3B67C3B}.Proj|Any CPU.ActiveCfg = Proj|Any CPU
		{0727515E-624C-4E80-8D06-028CA3B67C3B}.Proj|Any CPU.Build.0 = Proj|Any CPU
		{0727515E-624C-4E80-8D06-028CA3B67C3B}.Release|Any CPU.ActiveCfg = Release|Any CPU
		{0727515E-624C-4E80-8D06-028CA3B67C3B}.Release|Any CPU.Build.0 = Release|Any CPU
		{DB87614D-A280-4D37-95B0-4747AED190A1}.Debug|Any CPU.ActiveCfg = Debug|Any CPU
		{DB87614D-A280-4D37-95B0-4747AED190A1}.Debug|Any CPU.Build.0 = Debug|Any CPU
		{DB87614D-A280-4D37-95B0-4747AED190A1}.Proj|Any CPU.ActiveCfg = Debug|Any CPU
		{DB87614D-A280-4D37-95B0-4747AED190A1}.Proj|Any CPU.Build.0 = Debug|Any CPU
		{DB87614D-A280-4D37-95B0-4747AED190A1}.Release|Any CPU.ActiveCfg = Release|Any CPU
		{DB87614D-A280-4D37-95B0-4747AED190A1}.Release|Any CPU.Build.0 = Release|Any CPU
	EndGlobalSection
	GlobalSection(SolutionProperties) = preSolution
		HideSolutionNode = FALSE
	EndGlobalSection
	GlobalSection(ExtensibilityGlobals) = postSolution
		SolutionGuid = {68256C3D-E49A-4D34-9A48-4DD394024BCD}
	EndGlobalSection
EndGlobal
